
Microsoft Visual Studio Solution File, Format Version 12.00
# Visual Studio Version 17
VisualStudioVersion = 17.8.34330.188
MinimumVisualStudioVersion = 10.0.40219.1
Project("{FAE04EC0-301F-11D3-BF4B-00C04F79EFBC}") = "employyes", "sotrudniki\employyes.csproj", "{E29B04E2-AD97-40A6-A8F1-52C7694EC90E}"
EndProject
Project("{FAE04EC0-301F-11D3-BF4B-00C04F79EFBC}") = "UnitTest", "UnitTest\UnitTest.csproj", "{176F54CC-E2D7-4441-A0D3-87E6EAA2231E}"
EndProject
Global
	GlobalSection(SolutionConfigurationPlatforms) = preSolution
		Debug|Any CPU = Debug|Any CPU
		Release|Any CPU = Release|Any CPU
	EndGlobalSection
	GlobalSection(ProjectConfigurationPlatforms) = postSolution
		{E29B04E2-AD97-40A6-A8F1-52C7694EC90E}.Debug|Any CPU.ActiveCfg = Debug|Any CPU
		{E29B04E2-AD97-40A6-A8F1-52C7694EC90E}.Debug|Any CPU.Build.0 = Debug|Any CPU
		{E29B04E2-AD97-40A6-A8F1-52C7694EC90E}.Release|Any CPU.ActiveCfg = Release|Any CPU
		{E29B04E2-AD97-40A6-A8F1-52C7694EC90E}.Release|Any CPU.Build.0 = Release|Any CPU
		{176F54CC-E2D7-4441-A0D3-87E6EAA2231E}.Debug|Any CPU.ActiveCfg = Debug|Any CPU
		{176F54CC-E2D7-4441-A0D3-87E6EAA2231E}.Debug|Any CPU.Build.0 = Debug|Any CPU
		{176F54CC-E2D7-4441-A0D3-87E6EAA2231E}.Release|Any CPU.ActiveCfg = Release|Any CPU
		{176F54CC-E2D7-4441-A0D3-87E6EAA2231E}.Release|Any CPU.Build.0 = Release|Any CPU
	EndGlobalSection
	GlobalSection(SolutionProperties) = preSolution
		HideSolutionNode = FALSE
	EndGlobalSection
	GlobalSection(ExtensibilityGlobals) = postSolution
		SolutionGuid = {6DDDBAED-7E9E-431A-B25D-849741014251}
	EndGlobalSection
EndGlobal
